
Microsoft Visual Studio Solution File, Format Version 12.00
# Visual Studio Version 17
VisualStudioVersion = 17.14.36301.6
MinimumVisualStudioVersion = 10.0.40219.1
Project("{2150E333-8FDC-42A3-9474-1A3956D46DE8}") = "Backend", "Backend", "{02EA681E-C7D8-13C7-8484-4AC65E1B71E8}"
EndProject
Project("{FAE04EC0-301F-11D3-BF4B-00C04F79EFBC}") = "Application", "BackEnd\Application\Application.csproj", "{09B42AD5-BBE1-572C-B555-FF85175AD7CA}"
EndProject
Project("{FAE04EC0-301F-11D3-BF4B-00C04F79EFBC}") = "Domain", "BackEnd\Domain\Domain.csproj", "{1AF93A02-C695-A740-C744-9453045209F4}"
EndProject
Project("{FAE04EC0-301F-11D3-BF4B-00C04F79EFBC}") = "Infrastructure", "BackEnd\Infrastructure\Infrastructure.csproj", "{BAC07D44-E017-A073-6C9A-C5B760BE66C1}"
EndProject
Project("{FAE04EC0-301F-11D3-BF4B-00C04F79EFBC}") = "Persistence", "BackEnd\Persistence\Persistence.csproj", "{5F4BCC61-0DB5-9875-B8B4-0401717B1C93}"
EndProject
Project("{FAE04EC0-301F-11D3-BF4B-00C04F79EFBC}") = "Presentation", "BackEnd\Presentation\Presentation.csproj", "{50ABC20D-2419-BBA1-1B14-962276B44FF5}"
EndProject
Global
	GlobalSection(SolutionConfigurationPlatforms) = preSolution
		Debug|Any CPU = Debug|Any CPU
		Release|Any CPU = Release|Any CPU
	EndGlobalSection
	GlobalSection(ProjectConfigurationPlatforms) = postSolution
		{09B42AD5-BBE1-572C-B555-FF85175AD7CA}.Debug|Any CPU.ActiveCfg = Debug|Any CPU
		{09B42AD5-BBE1-572C-B555-FF85175AD7CA}.Debug|Any CPU.Build.0 = Debug|Any CPU
		{09B42AD5-BBE1-572C-B555-FF85175AD7CA}.Release|Any CPU.ActiveCfg = Release|Any CPU
		{09B42AD5-BBE1-572C-B555-FF85175AD7CA}.Release|Any CPU.Build.0 = Release|Any CPU
		{1AF93A02-C695-A740-C744-9453045209F4}.Debug|Any CPU.ActiveCfg = Debug|Any CPU
		{1AF93A02-C695-A740-C744-9453045209F4}.Debug|Any CPU.Build.0 = Debug|Any CPU
		{1AF93A02-C695-A740-C744-9453045209F4}.Release|Any CPU.ActiveCfg = Release|Any CPU
		{1AF93A02-C695-A740-C744-9453045209F4}.Release|Any CPU.Build.0 = Release|Any CPU
		{BAC07D44-E017-A073-6C9A-C5B760BE66C1}.Debug|Any CPU.ActiveCfg = Debug|Any CPU
		{BAC07D44-E017-A073-6C9A-C5B760BE66C1}.Debug|Any CPU.Build.0 = Debug|Any CPU
		{BAC07D44-E017-A073-6C9A-C5B760BE66C1}.Release|Any CPU.ActiveCfg = Release|Any CPU
		{BAC07D44-E017-A073-6C9A-C5B760BE66C1}.Release|Any CPU.Build.0 = Release|Any CPU
		{5F4BCC61-0DB5-9875-B8B4-0401717B1C93}.Debug|Any CPU.ActiveCfg = Debug|Any CPU
		{5F4BCC61-0DB5-9875-B8B4-0401717B1C93}.Debug|Any CPU.Build.0 = Debug|Any CPU
		{5F4BCC61-0DB5-9875-B8B4-0401717B1C93}.Release|Any CPU.ActiveCfg = Release|Any CPU
		{5F4BCC61-0DB5-9875-B8B4-0401717B1C93}.Release|Any CPU.Build.0 = Release|Any CPU
		{50ABC20D-2419-BBA1-1B14-962276B44FF5}.Debug|Any CPU.ActiveCfg = Debug|Any CPU
		{50ABC20D-2419-BBA1-1B14-962276B44FF5}.Debug|Any CPU.Build.0 = Debug|Any CPU
		{50ABC20D-2419-BBA1-1B14-962276B44FF5}.Release|Any CPU.ActiveCfg = Release|Any CPU
		{50ABC20D-2419-BBA1-1B14-962276B44FF5}.Release|Any CPU.Build.0 = Release|Any CPU
	EndGlobalSection
	GlobalSection(SolutionProperties) = preSolution
		HideSolutionNode = FALSE
	EndGlobalSection
	GlobalSection(NestedProjects) = preSolution
		{09B42AD5-BBE1-572C-B555-FF85175AD7CA} = {02EA681E-C7D8-13C7-8484-4AC65E1B71E8}
		{1AF93A02-C695-A740-C744-9453045209F4} = {02EA681E-C7D8-13C7-8484-4AC65E1B71E8}
		{BAC07D44-E017-A073-6C9A-C5B760BE66C1} = {02EA681E-C7D8-13C7-8484-4AC65E1B71E8}
		{5F4BCC61-0DB5-9875-B8B4-0401717B1C93} = {02EA681E-C7D8-13C7-8484-4AC65E1B71E8}
		{50ABC20D-2419-BBA1-1B14-962276B44FF5} = {02EA681E-C7D8-13C7-8484-4AC65E1B71E8}
	EndGlobalSection
	GlobalSection(ExtensibilityGlobals) = postSolution
		SolutionGuid = {64515A4F-0CE6-4879-B941-AB4D86E94133}
	EndGlobalSection
EndGlobal
